
Microsoft Visual Studio Solution File, Format Version 12.00
# Visual Studio Version 16
VisualStudioVersion = 16.0.30907.101
MinimumVisualStudioVersion = 10.0.40219.1
Project("{FAE04EC0-301F-11D3-BF4B-00C04F79EFBC}") = "FunctionsWpf", "FunctionsWpf\FunctionsWpf.csproj", "{EDC0577A-0492-49A0-A9AD-56DF2F262B89}"
EndProject
Global
	GlobalSection(SolutionConfigurationPlatforms) = preSolution
		Debug|Any CPU = Debug|Any CPU
		Release|Any CPU = Release|Any CPU
	EndGlobalSection
	GlobalSection(ProjectConfigurationPlatforms) = postSolution
		{EDC0577A-0492-49A0-A9AD-56DF2F262B89}.Debug|Any CPU.ActiveCfg = Debug|Any CPU
		{EDC0577A-0492-49A0-A9AD-56DF2F262B89}.Debug|Any CPU.Build.0 = Debug|Any CPU
		{EDC0577A-0492-49A0-A9AD-56DF2F262B89}.Release|Any CPU.ActiveCfg = Release|Any CPU
		{EDC0577A-0492-49A0-A9AD-56DF2F262B89}.Release|Any CPU.Build.0 = Release|Any CPU
	EndGlobalSection
	GlobalSection(SolutionProperties) = preSolution
		HideSolutionNode = FALSE
	EndGlobalSection
	GlobalSection(ExtensibilityGlobals) = postSolution
		SolutionGuid = {E9AB451F-219F-4C91-A263-1F423AFC9D6F}
	EndGlobalSection
EndGlobal
